// !$*UTF8*$!
{
	archiveVersion = 1;
	classes = {
	};
	objectVersion = 46;
	objects = {

/* Begin PBXBuildFile section */
		178FA4FB71D0356C559707AF /* Pods_ParseChat.framework in Frameworks */ = {isa = PBXBuildFile; fileRef = 1DD81229B058FB9658DCF256 /* Pods_ParseChat.framework */; };
		53B8AF361E5FA3680075FF61 /* AppDelegate.swift in Sources */ = {isa = PBXBuildFile; fileRef = 53B8AF351E5FA3680075FF61 /* AppDelegate.swift */; };
		53B8AF3B1E5FA3680075FF61 /* Main.storyboard in Resources */ = {isa = PBXBuildFile; fileRef = 53B8AF391E5FA3680075FF61 /* Main.storyboard */; };
		53B8AF3D1E5FA3680075FF61 /* Assets.xcassets in Resources */ = {isa = PBXBuildFile; fileRef = 53B8AF3C1E5FA3680075FF61 /* Assets.xcassets */; };
		53B8AF401E5FA3680075FF61 /* LaunchScreen.storyboard in Resources */ = {isa = PBXBuildFile; fileRef = 53B8AF3E1E5FA3680075FF61 /* LaunchScreen.storyboard */; };
		53B8AF481E5FA5470075FF61 /* LoginViewController.swift in Sources */ = {isa = PBXBuildFile; fileRef = 53B8AF471E5FA5470075FF61 /* LoginViewController.swift */; };
		53B8AF4A1E5FAB410075FF61 /* ChatViewController.swift in Sources */ = {isa = PBXBuildFile; fileRef = 53B8AF491E5FAB410075FF61 /* ChatViewController.swift */; };
		53B8AF4C1E5FB34E0075FF61 /* MessageTableViewCell.swift in Sources */ = {isa = PBXBuildFile; fileRef = 53B8AF4B1E5FB34E0075FF61 /* MessageTableViewCell.swift */; };
/* End PBXBuildFile section */

/* Begin PBXFileReference section */
		1DD81229B058FB9658DCF256 /* Pods_ParseChat.framework */ = {isa = PBXFileReference; explicitFileType = wrapper.framework; includeInIndex = 0; path = Pods_ParseChat.framework; sourceTree = BUILT_PRODUCTS_DIR; };
		23601E2A758247C2D3E80A0E /* Pods-ParseChat.debug.xcconfig */ = {isa = PBXFileReference; includeInIndex = 1; lastKnownFileType = text.xcconfig; name = "Pods-ParseChat.debug.xcconfig"; path = "Pods/Target Support Files/Pods-ParseChat/Pods-ParseChat.debug.xcconfig"; sourceTree = "<group>"; };
		53B8AF321E5FA3680075FF61 /* ParseChat.app */ = {isa = PBXFileReference; explicitFileType = wrapper.application; includeInIndex = 0; path = ParseChat.app; sourceTree = BUILT_PRODUCTS_DIR; };
		53B8AF351E5FA3680075FF61 /* AppDelegate.swift */ = {isa = PBXFileReference; lastKnownFileType = sourcecode.swift; path = AppDelegate.swift; sourceTree = "<group>"; };
		53B8AF3A1E5FA3680075FF61 /* Base */ = {isa = PBXFileReference; lastKnownFileType = file.storyboard; name = Base; path = Base.lproj/Main.storyboard; sourceTree = "<group>"; };
		53B8AF3C1E5FA3680075FF61 /* Assets.xcassets */ = {isa = PBXFileReference; lastKnownFileType = folder.assetcatalog; path = Assets.xcassets; sourceTree = "<group>"; };
		53B8AF3F1E5FA3680075FF61 /* Base */ = {isa = PBXFileReference; lastKnownFileType = file.storyboard; name = Base; path = Base.lproj/LaunchScreen.storyboard; sourceTree = "<group>"; };
		53B8AF411E5FA3680075FF61 /* Info.plist */ = {isa = PBXFileReference; lastKnownFileType = text.plist.xml; path = Info.plist; sourceTree = "<group>"; };
		53B8AF471E5FA5470075FF61 /* LoginViewController.swift */ = {isa = PBXFileReference; fileEncoding = 4; lastKnownFileType = sourcecode.swift; path = LoginViewController.swift; sourceTree = "<group>"; };
		53B8AF491E5FAB410075FF61 /* ChatViewController.swift */ = {isa = PBXFileReference; fileEncoding = 4; lastKnownFileType = sourcecode.swift; path = ChatViewController.swift; sourceTree = "<group>"; };
		53B8AF4B1E5FB34E0075FF61 /* MessageTableViewCell.swift */ = {isa = PBXFileReference; fileEncoding = 4; lastKnownFileType = sourcecode.swift; path = MessageTableViewCell.swift; sourceTree = "<group>"; };
		F40057DC24E9EA8DBDD7B8B6 /* Pods-ParseChat.release.xcconfig */ = {isa = PBXFileReference; includeInIndex = 1; lastKnownFileType = text.xcconfig; name = "Pods-ParseChat.release.xcconfig"; path = "Pods/Target Support Files/Pods-ParseChat/Pods-ParseChat.release.xcconfig"; sourceTree = "<group>"; };
/* End PBXFileReference section */

/* Begin PBXFrameworksBuildPhase section */
		53B8AF2F1E5FA3680075FF61 /* Frameworks */ = {
			isa = PBXFrameworksBuildPhase;
			buildActionMask = 2147483647;
			files = (
				178FA4FB71D0356C559707AF /* Pods_ParseChat.framework in Frameworks */,
			);
			runOnlyForDeploymentPostprocessing = 0;
		};
/* End PBXFrameworksBuildPhase section */

/* Begin PBXGroup section */
		53B8AF291E5FA3680075FF61 = {
			isa = PBXGroup;
			children = (
				53B8AF341E5FA3680075FF61 /* ParseChat */,
				53B8AF331E5FA3680075FF61 /* Products */,
				58E3FEA487CE007471BE94E1 /* Pods */,
				80DEB226AF727903A16379DB /* Frameworks */,
			);
			sourceTree = "<group>";
		};
		53B8AF331E5FA3680075FF61 /* Products */ = {
			isa = PBXGroup;
			children = (
				53B8AF321E5FA3680075FF61 /* ParseChat.app */,
			);
			name = Products;
			sourceTree = "<group>";
		};
		53B8AF341E5FA3680075FF61 /* ParseChat */ = {
			isa = PBXGroup;
			children = (
				53B8AF351E5FA3680075FF61 /* AppDelegate.swift */,
				53B8AF391E5FA3680075FF61 /* Main.storyboard */,
				53B8AF3C1E5FA3680075FF61 /* Assets.xcassets */,
				53B8AF3E1E5FA3680075FF61 /* LaunchScreen.storyboard */,
				53B8AF411E5FA3680075FF61 /* Info.plist */,
				53B8AF471E5FA5470075FF61 /* LoginViewController.swift */,
				53B8AF491E5FAB410075FF61 /* ChatViewController.swift */,
				53B8AF4B1E5FB34E0075FF61 /* MessageTableViewCell.swift */,
			);
			path = ParseChat;
			sourceTree = "<group>";
		};
		58E3FEA487CE007471BE94E1 /* Pods */ = {
			isa = PBXGroup;
			children = (
				23601E2A758247C2D3E80A0E /* Pods-ParseChat.debug.xcconfig */,
				F40057DC24E9EA8DBDD7B8B6 /* Pods-ParseChat.release.xcconfig */,
			);
			name = Pods;
			sourceTree = "<group>";
		};
		80DEB226AF727903A16379DB /* Frameworks */ = {
			isa = PBXGroup;
			children = (
				1DD81229B058FB9658DCF256 /* Pods_ParseChat.framework */,
			);
			name = Frameworks;
			sourceTree = "<group>";
		};
/* End PBXGroup section */

/* Begin PBXNativeTarget section */
		53B8AF311E5FA3680075FF61 /* ParseChat */ = {
			isa = PBXNativeTarget;
			buildConfigurationList = 53B8AF441E5FA3680075FF61 /* Build configuration list for PBXNativeTarget "ParseChat" */;
			buildPhases = (
				5950C0B65CF1DFB9C5C2EC5A /* [CP] Check Pods Manifest.lock */,
				53B8AF2E1E5FA3680075FF61 /* Sources */,
				53B8AF2F1E5FA3680075FF61 /* Frameworks */,
				53B8AF301E5FA3680075FF61 /* Resources */,
				A01EA586AFD2848545E1DF94 /* [CP] Embed Pods Frameworks */,
				6F15D023070B20F37A9B70E5 /* [CP] Copy Pods Resources */,
			);
			buildRules = (
			);
			dependencies = (
			);
			name = ParseChat;
			productName = ParseChat;
			productReference = 53B8AF321E5FA3680075FF61 /* ParseChat.app */;
			productType = "com.apple.product-type.application";
		};
/* End PBXNativeTarget section */

/* Begin PBXProject section */
		53B8AF2A1E5FA3680075FF61 /* Project object */ = {
			isa = PBXProject;
			attributes = {
				LastSwiftUpdateCheck = 0820;
				LastUpgradeCheck = 0820;
				ORGANIZATIONNAME = liangjiapei;
				TargetAttributes = {
					53B8AF311E5FA3680075FF61 = {
						CreatedOnToolsVersion = 8.2.1;
						DevelopmentTeam = RBV2R5Z394;
						ProvisioningStyle = Automatic;
					};
				};
			};
			buildConfigurationList = 53B8AF2D1E5FA3680075FF61 /* Build configuration list for PBXProject "ParseChat" */;
			compatibilityVersion = "Xcode 3.2";
			developmentRegion = English;
			hasScannedForEncodings = 0;
			knownRegions = (
				en,
				Base,
			);
			mainGroup = 53B8AF291E5FA3680075FF61;
			productRefGroup = 53B8AF331E5FA3680075FF61 /* Products */;
			projectDirPath = "";
			projectRoot = "";
			targets = (
				53B8AF311E5FA3680075FF61 /* ParseChat */,
			);
		};
/* End PBXProject section */

/* Begin PBXResourcesBuildPhase section */
		53B8AF301E5FA3680075FF61 /* Resources */ = {
			isa = PBXResourcesBuildPhase;
			buildActionMask = 2147483647;
			files = (
				53B8AF401E5FA3680075FF61 /* LaunchScreen.storyboard in Resources */,
				53B8AF3D1E5FA3680075FF61 /* Assets.xcassets in Resources */,
				53B8AF3B1E5FA3680075FF61 /* Main.storyboard in Resources */,
			);
			runOnlyForDeploymentPostprocessing = 0;
		};
/* End PBXResourcesBuildPhase section */

/* Begin PBXShellScriptBuildPhase section */
		5950C0B65CF1DFB9C5C2EC5A /* [CP] Check Pods Manifest.lock */ = {
			isa = PBXShellScriptBuildPhase;
			buildActionMask = 2147483647;
			files = (
			);
			inputPaths = (
			);
			name = "[CP] Check Pods Manifest.lock";
			outputPaths = (
			);
			runOnlyForDeploymentPostprocessing = 0;
			shellPath = /bin/sh;
			shellScript = "diff \"${PODS_ROOT}/../Podfile.lock\" \"${PODS_ROOT}/Manifest.lock\" > /dev/null\nif [ $? != 0 ] ; then\n    # print error to STDERR\n    echo \"error: The sandbox is not in sync with the Podfile.lock. Run 'pod install' or update your CocoaPods installation.\" >&2\n    exit 1\nfi\n";
			showEnvVarsInLog = 0;
		};
		6F15D023070B20F37A9B70E5 /* [CP] Copy Pods Resources */ = {
			isa = PBXShellScriptBuildPhase;
			buildActionMask = 2147483647;
			files = (
			);
			inputPaths = (
			);
			name = "[CP] Copy Pods Resources";
			outputPaths = (
			);
			runOnlyForDeploymentPostprocessing = 0;
			shellPath = /bin/sh;
			shellScript = "\"${SRCROOT}/Pods/Target Support Files/Pods-ParseChat/Pods-ParseChat-resources.sh\"\n";
			showEnvVarsInLog = 0;
		};
		A01EA586AFD2848545E1DF94 /* [CP] Embed Pods Frameworks */ = {
			isa = PBXShellScriptBuildPhase;
			buildActionMask = 2147483647;
			files = (
			);
			inputPaths = (
			);
			name = "[CP] Embed Pods Frameworks";
			outputPaths = (
			);
			runOnlyForDeploymentPostprocessing = 0;
			shellPath = /bin/sh;
			shellScript = "\"${SRCROOT}/Pods/Target Support Files/Pods-ParseChat/Pods-ParseChat-frameworks.sh\"\n";
			showEnvVarsInLog = 0;
		};
/* End PBXShellScriptBuildPhase section */

/* Begin PBXSourcesBuildPhase section */
		53B8AF2E1E5FA3680075FF61 /* Sources */ = {
			isa = PBXSourcesBuildPhase;
			buildActionMask = 2147483647;
			files = (
				53B8AF481E5FA5470075FF61 /* LoginViewController.swift in Sources */,
				53B8AF4C1E5FB34E0075FF61 /* MessageTableViewCell.swift in Sources */,
				53B8AF4A1E5FAB410075FF61 /* ChatViewController.swift in Sources */,
				53B8AF361E5FA3680075FF61 /* AppDelegate.swift in Sources */,
			);
			runOnlyForDeploymentPostprocessing = 0;
		};
/* End PBXSourcesBuildPhase section */

/* Begin PBXVariantGroup section */
		53B8AF391E5FA3680075FF61 /* Main.storyboard */ = {
			isa = PBXVariantGroup;
			children = (
				53B8AF3A1E5FA3680075FF61 /* Base */,
			);
			name = Main.storyboard;
			sourceTree = "<group>";
		};
		53B8AF3E1E5FA3680075FF61 /* LaunchScreen.storyboard */ = {
			isa = PBXVariantGroup;
			children = (
				53B8AF3F1E5FA3680075FF61 /* Base */,
			);
			name = LaunchScreen.storyboard;
			sourceTree = "<group>";
		};
/* End PBXVariantGroup section */

/* Begin XCBuildConfiguration section */
		53B8AF421E5FA3680075FF61 /* Debug */ = {
			isa = XCBuildConfiguration;
			buildSettings = {
				ALWAYS_SEARCH_USER_PATHS = NO;
				CLANG_ANALYZER_NONNULL = YES;
				CLANG_CXX_LANGUAGE_STANDARD = "gnu++0x";
				CLANG_CXX_LIBRARY = "libc++";
				CLANG_ENABLE_MODULES = YES;
				CLANG_ENABLE_OBJC_ARC = YES;
				CLANG_WARN_BOOL_CONVERSION = YES;
				CLANG_WARN_CONSTANT_CONVERSION = YES;
				CLANG_WARN_DIRECT_OBJC_ISA_USAGE = YES_ERROR;
				CLANG_WARN_DOCUMENTATION_COMMENTS = YES;
				CLANG_WARN_EMPTY_BODY = YES;
				CLANG_WARN_ENUM_CONVERSION = YES;
				CLANG_WARN_INFINITE_RECURSION = YES;
				CLANG_WARN_INT_CONVERSION = YES;
				CLANG_WARN_OBJC_ROOT_CLASS = YES_ERROR;
				CLANG_WARN_SUSPICIOUS_MOVE = YES;
				CLANG_WARN_UNREACHABLE_CODE = YES;
				CLANG_WARN__DUPLICATE_METHOD_MATCH = YES;
				"CODE_SIGN_IDENTITY[sdk=iphoneos*]" = "iPhone Developer";
				COPY_PHASE_STRIP = NO;
				DEBUG_INFORMATION_FORMAT = dwarf;
				ENABLE_STRICT_OBJC_MSGSEND = YES;
				ENABLE_TESTABILITY = YES;
				GCC_C_LANGUAGE_STANDARD = gnu99;
				GCC_DYNAMIC_NO_PIC = NO;
				GCC_NO_COMMON_BLOCKS = YES;
				GCC_OPTIMIZATION_LEVEL = 0;
				GCC_PREPROCESSOR_DEFINITIONS = (
					"DEBUG=1",
					"$(inherited)",
				);
				GCC_WARN_64_TO_32_BIT_CONVERSION = YES;
				GCC_WARN_ABOUT_RETURN_TYPE = YES_ERROR;
				GCC_WARN_UNDECLARED_SELECTOR = YES;
				GCC_WARN_UNINITIALIZED_AUTOS = YES_AGGRESSIVE;
				GCC_WARN_UNUSED_FUNCTION = YES;
				GCC_WARN_UNUSED_VARIABLE = YES;
				IPHONEOS_DEPLOYMENT_TARGET = 10.2;
				MTL_ENABLE_DEBUG_INFO = YES;
				ONLY_ACTIVE_ARCH = YES;
				SDKROOT = iphoneos;
				SWIFT_ACTIVE_COMPILATION_CONDITIONS = DEBUG;
				SWIFT_OPTIMIZATION_LEVEL = "-Onone";
			};
			name = Debug;
		};
		53B8AF431E5FA3680075FF61 /* Release */ = {
			isa = XCBuildConfiguration;
			buildSettings = {
				ALWAYS_SEARCH_USER_PATHS = NO;
				CLANG_ANALYZER_NONNULL = YES;
				CLANG_CXX_LANGUAGE_STANDARD = "gnu++0x";
				CLANG_CXX_LIBRARY = "libc++";
				CLANG_ENABLE_MODULES = YES;
				CLANG_ENABLE_OBJC_ARC = YES;
				CLANG_WARN_BOOL_CONVERSION = YES;
				CLANG_WARN_CONSTANT_CONVERSION = YES;
				CLANG_WARN_DIRECT_OBJC_ISA_USAGE = YES_ERROR;
				CLANG_WARN_DOCUMENTATION_COMMENTS = YES;
				CLANG_WARN_EMPTY_BODY = YES;
				CLANG_WARN_ENUM_CONVERSION = YES;
				CLANG_WARN_INFINITE_RECURSION = YES;
				CLANG_WARN_INT_CONVERSION = YES;
				CLANG_WARN_OBJC_ROOT_CLASS = YES_ERROR;
				CLANG_WARN_SUSPICIOUS_MOVE = YES;
				CLANG_WARN_UNREACHABLE_CODE = YES;
				CLANG_WARN__DUPLICATE_METHOD_MATCH = YES;
				"CODE_SIGN_IDENTITY[sdk=iphoneos*]" = "iPhone Developer";
				COPY_PHASE_STRIP = NO;
				DEBUG_INFORMATION_FORMAT = "dwarf-with-dsym";
				ENABLE_NS_ASSERTIONS = NO;
				ENABLE_STRICT_OBJC_MSGSEND = YES;
				GCC_C_LANGUAGE_STANDARD = gnu99;
				GCC_NO_COMMON_BLOCKS = YES;
				GCC_WARN_64_TO_32_BIT_CONVERSION = YES;
				GCC_WARN_ABOUT_RETURN_TYPE = YES_ERROR;
				GCC_WARN_UNDECLARED_SELECTOR = YES;
				GCC_WARN_UNINITIALIZED_AUTOS = YES_AGGRESSIVE;
				GCC_WARN_UNUSED_FUNCTION = YES;
				GCC_WARN_UNUSED_VARIABLE = YES;
				IPHONEOS_DEPLOYMENT_TARGET = 10.2;
				MTL_ENABLE_DEBUG_INFO = NO;
				SDKROOT = iphoneos;
				SWIFT_OPTIMIZATION_LEVEL = "-Owholemodule";
				VALIDATE_PRODUCT = YES;
			};
			name = Release;
		};
		53B8AF451E5FA3680075FF61 /* Debug */ = {
			isa = XCBuildConfiguration;
			baseConfigurationReference = 23601E2A758247C2D3E80A0E /* Pods-ParseChat.debug.xcconfig */;
			buildSettings = {
				ASSETCATALOG_COMPILER_APPICON_NAME = AppIcon;
				DEVELOPMENT_TEAM = RBV2R5Z394;
				INFOPLIST_FILE = ParseChat/Info.plist;
				LD_RUNPATH_SEARCH_PATHS = "$(inherited) @executable_path/Frameworks";
				PRODUCT_BUNDLE_IDENTIFIER = com.liangjiapei.ParseChat;
				PRODUCT_NAME = "$(TARGET_NAME)";
				SWIFT_VERSION = 3.0;
			};
			name = Debug;
		};
		53B8AF461E5FA3680075FF61 /* Release */ = {
			isa = XCBuildConfiguration;
			baseConfigurationReference = F40057DC24E9EA8DBDD7B8B6 /* Pods-ParseChat.release.xcconfig */;
			buildSettings = {
				ASSETCATALOG_COMPILER_APPICON_NAME = AppIcon;
				DEVELOPMENT_TEAM = RBV2R5Z394;
				INFOPLIST_FILE = ParseChat/Info.plist;
				LD_RUNPATH_SEARCH_PATHS = "$(inherited) @executable_path/Frameworks";
				PRODUCT_BUNDLE_IDENTIFIER = com.liangjiapei.ParseChat;
				PRODUCT_NAME = "$(TARGET_NAME)";
				SWIFT_VERSION = 3.0;
			};
			name = Release;
		};
/* End XCBuildConfiguration section */

/* Begin XCConfigurationList section */
		53B8AF2D1E5FA3680075FF61 /* Build configuration list for PBXProject "ParseChat" */ = {
			isa = XCConfigurationList;
			buildConfigurations = (
				53B8AF421E5FA3680075FF61 /* Debug */,
				53B8AF431E5FA3680075FF61 /* Release */,
			);
			defaultConfigurationIsVisible = 0;
			defaultConfigurationName = Release;
		};
		53B8AF441E5FA3680075FF61 /* Build configuration list for PBXNativeTarget "ParseChat" */ = {
			isa = XCConfigurationList;
			buildConfigurations = (
				53B8AF451E5FA3680075FF61 /* Debug */,
				53B8AF461E5FA3680075FF61 /* Release */,
			);
			defaultConfigurationIsVisible = 0;
			defaultConfigurationName = Release;
		};
/* End XCConfigurationList section */
	};
	rootObject = 53B8AF2A1E5FA3680075FF61 /* Project object */;
}
